
Microsoft Visual Studio Solution File, Format Version 12.00
# Visual Studio 2015
Project("{FAE04EC0-301F-11D3-BF4B-00C04F79EFBC}") = "Bacteria Hunting.CSharp", "Bacteria Hunting.CSharp.csproj", "{D21EE1DF-05F4-E865-A370-9C1D45E6883F}"
EndProject
Global
	GlobalSection(SolutionConfigurationPlatforms) = preSolution
		Debug|Any CPU = Debug|Any CPU
		Release|Any CPU = Release|Any CPU
	EndGlobalSection
	GlobalSection(ProjectConfigurationPlatforms) = postSolution
		{D21EE1DF-05F4-E865-A370-9C1D45E6883F}.Debug|Any CPU.ActiveCfg = Debug|Any CPU
		{D21EE1DF-05F4-E865-A370-9C1D45E6883F}.Debug|Any CPU.Build.0 = Debug|Any CPU
		{D21EE1DF-05F4-E865-A370-9C1D45E6883F}.Release|Any CPU.ActiveCfg = Release|Any CPU
		{D21EE1DF-05F4-E865-A370-9C1D45E6883F}.Release|Any CPU.Build.0 = Release|Any CPU
	EndGlobalSection
	GlobalSection(SolutionProperties) = preSolution
		HideSolutionNode = FALSE
	EndGlobalSection
EndGlobal
